
Microsoft Visual Studio Solution File, Format Version 12.00
# Visual Studio Version 17
VisualStudioVersion = 17.0.31903.59
MinimumVisualStudioVersion = 10.0.40219.1
Project("{FAE04EC0-301F-11D3-BF4B-00C04F79EFBC}") = "csharprover", "console\csharprover.csproj", "{7F74A284-4A7A-4B72-905E-ADCEE59A7E54}"
EndProject
Project("{FAE04EC0-301F-11D3-BF4B-00C04F79EFBC}") = "roverlib", "roverlib\roverlib.csproj", "{FFF11E1B-99D2-41D1-9026-A4E1DEAA28A2}"
EndProject
Project("{FAE04EC0-301F-11D3-BF4B-00C04F79EFBC}") = "manual", "manual\manual.csproj", "{A4C0DD36-C2B7-4C34-8948-47ECF54B3EAD}"
EndProject
Project("{FAE04EC0-301F-11D3-BF4B-00C04F79EFBC}") = "Tests", "Tests\Tests.csproj", "{AA1C443A-EA34-4D8C-956B-619EF2398FDC}"
EndProject
Global
	GlobalSection(SolutionConfigurationPlatforms) = preSolution
		Debug|Any CPU = Debug|Any CPU
		Release|Any CPU = Release|Any CPU
	EndGlobalSection
	GlobalSection(SolutionProperties) = preSolution
		HideSolutionNode = FALSE
	EndGlobalSection
	GlobalSection(ProjectConfigurationPlatforms) = postSolution
		{7F74A284-4A7A-4B72-905E-ADCEE59A7E54}.Debug|Any CPU.ActiveCfg = Debug|Any CPU
		{7F74A284-4A7A-4B72-905E-ADCEE59A7E54}.Debug|Any CPU.Build.0 = Debug|Any CPU
		{7F74A284-4A7A-4B72-905E-ADCEE59A7E54}.Release|Any CPU.ActiveCfg = Release|Any CPU
		{7F74A284-4A7A-4B72-905E-ADCEE59A7E54}.Release|Any CPU.Build.0 = Release|Any CPU
		{FFF11E1B-99D2-41D1-9026-A4E1DEAA28A2}.Debug|Any CPU.ActiveCfg = Debug|Any CPU
		{FFF11E1B-99D2-41D1-9026-A4E1DEAA28A2}.Debug|Any CPU.Build.0 = Debug|Any CPU
		{FFF11E1B-99D2-41D1-9026-A4E1DEAA28A2}.Release|Any CPU.ActiveCfg = Release|Any CPU
		{FFF11E1B-99D2-41D1-9026-A4E1DEAA28A2}.Release|Any CPU.Build.0 = Release|Any CPU
		{A4C0DD36-C2B7-4C34-8948-47ECF54B3EAD}.Debug|Any CPU.ActiveCfg = Debug|Any CPU
		{A4C0DD36-C2B7-4C34-8948-47ECF54B3EAD}.Debug|Any CPU.Build.0 = Debug|Any CPU
		{A4C0DD36-C2B7-4C34-8948-47ECF54B3EAD}.Release|Any CPU.ActiveCfg = Release|Any CPU
		{A4C0DD36-C2B7-4C34-8948-47ECF54B3EAD}.Release|Any CPU.Build.0 = Release|Any CPU
		{AA1C443A-EA34-4D8C-956B-619EF2398FDC}.Debug|Any CPU.ActiveCfg = Debug|Any CPU
		{AA1C443A-EA34-4D8C-956B-619EF2398FDC}.Debug|Any CPU.Build.0 = Debug|Any CPU
		{AA1C443A-EA34-4D8C-956B-619EF2398FDC}.Release|Any CPU.ActiveCfg = Release|Any CPU
		{AA1C443A-EA34-4D8C-956B-619EF2398FDC}.Release|Any CPU.Build.0 = Release|Any CPU
	EndGlobalSection
EndGlobal
